
Microsoft Visual Studio Solution File, Format Version 11.00
# Visual Studio 2010
Project("{FAE04EC0-301F-11D3-BF4B-00C04F79EFBC}") = "Assembly-CSharp", "Assembly-CSharp.csproj", "{839ac691-a364-2675-8089-7c90a96a6b0a}"
EndProject
Project("{FAE04EC0-301F-11D3-BF4B-00C04F79EFBC}") = "Assembly-CSharp-Editor", "Assembly-CSharp-Editor.csproj", "{106cf3f2-daa9-7dd8-0d22-194792c7f961}"
EndProject
Global
	GlobalSection(SolutionConfigurationPlatforms) = preSolution
		Debug|Any CPU = Debug|Any CPU
		Release|Any CPU = Release|Any CPU
	EndGlobalSection
	GlobalSection(ProjectConfigurationPlatforms) = postSolution
		{839ac691-a364-2675-8089-7c90a96a6b0a}.Debug|Any CPU.ActiveCfg = Debug|Any CPU
		{839ac691-a364-2675-8089-7c90a96a6b0a}.Debug|Any CPU.Build.0 = Debug|Any CPU
		{839ac691-a364-2675-8089-7c90a96a6b0a}.Release|Any CPU.ActiveCfg = Release|Any CPU
		{839ac691-a364-2675-8089-7c90a96a6b0a}.Release|Any CPU.Build.0 = Release|Any CPU
		{106cf3f2-daa9-7dd8-0d22-194792c7f961}.Debug|Any CPU.ActiveCfg = Debug|Any CPU
		{106cf3f2-daa9-7dd8-0d22-194792c7f961}.Debug|Any CPU.Build.0 = Debug|Any CPU
		{106cf3f2-daa9-7dd8-0d22-194792c7f961}.Release|Any CPU.ActiveCfg = Release|Any CPU
		{106cf3f2-daa9-7dd8-0d22-194792c7f961}.Release|Any CPU.Build.0 = Release|Any CPU
	EndGlobalSection
	GlobalSection(SolutionProperties) = preSolution
		HideSolutionNode = FALSE
	EndGlobalSection
EndGlobal
